
Microsoft Visual Studio Solution File, Format Version 12.00
# Visual Studio Version 17
VisualStudioVersion = 17.0.32112.339
MinimumVisualStudioVersion = 10.0.40219.1
Project("{FAE04EC0-301F-11D3-BF4B-00C04F79EFBC}") = "Customerize.Core", "Customerize.Core\Customerize.Core.csproj", "{17A120A4-97F7-4B16-ABD0-DCB5DECED80D}"
EndProject
Global
	GlobalSection(SolutionConfigurationPlatforms) = preSolution
		Debug|Any CPU = Debug|Any CPU
		Release|Any CPU = Release|Any CPU
	EndGlobalSection
	GlobalSection(ProjectConfigurationPlatforms) = postSolution
		{17A120A4-97F7-4B16-ABD0-DCB5DECED80D}.Debug|Any CPU.ActiveCfg = Debug|Any CPU
		{17A120A4-97F7-4B16-ABD0-DCB5DECED80D}.Debug|Any CPU.Build.0 = Debug|Any CPU
		{17A120A4-97F7-4B16-ABD0-DCB5DECED80D}.Release|Any CPU.ActiveCfg = Release|Any CPU
		{17A120A4-97F7-4B16-ABD0-DCB5DECED80D}.Release|Any CPU.Build.0 = Release|Any CPU
	EndGlobalSection
	GlobalSection(SolutionProperties) = preSolution
		HideSolutionNode = FALSE
	EndGlobalSection
	GlobalSection(ExtensibilityGlobals) = postSolution
		SolutionGuid = {D55A5133-7673-43E8-A8A5-F4D7126CBD30}
	EndGlobalSection
EndGlobal
