
Microsoft Visual Studio Solution File, Format Version 12.00
# Visual Studio Version 17
VisualStudioVersion = 17.0.32112.339
MinimumVisualStudioVersion = 10.0.40219.1
Project("{9A19103F-16F7-4668-BE54-9A1E7A4F7556}") = "Customerize.Core", "Customerize.Core\Customerize.Core.csproj", "{17A120A4-97F7-4B16-ABD0-DCB5DECED80D}"
EndProject
Project("{9A19103F-16F7-4668-BE54-9A1E7A4F7556}") = "Customerize.Repository", "Customerize.Repository\Customerize.Repository.csproj", "{9953B8D3-4D6C-4DD7-90CE-5906F4E2E06A}"
EndProject
Project("{9A19103F-16F7-4668-BE54-9A1E7A4F7556}") = "Customerize.Service", "Customerize.Service\Customerize.Service.csproj", "{1554BE67-14D2-42EF-9600-A15CC2069277}"
EndProject
Project("{9A19103F-16F7-4668-BE54-9A1E7A4F7556}") = "Customerize.Web", "Customerize.Web\Customerize.Web.csproj", "{F7E45CA8-3E7A-47B0-9BA0-D81456BB9F3E}"
EndProject
Project("{FAE04EC0-301F-11D3-BF4B-00C04F79EFBC}") = "Common", "Common\Common.csproj", "{36BF0662-2A75-4F36-88BD-51A177820756}"
EndProject
Global
	GlobalSection(SolutionConfigurationPlatforms) = preSolution
		Debug|Any CPU = Debug|Any CPU
		Release|Any CPU = Release|Any CPU
	EndGlobalSection
	GlobalSection(ProjectConfigurationPlatforms) = postSolution
		{17A120A4-97F7-4B16-ABD0-DCB5DECED80D}.Debug|Any CPU.ActiveCfg = Debug|Any CPU
		{17A120A4-97F7-4B16-ABD0-DCB5DECED80D}.Debug|Any CPU.Build.0 = Debug|Any CPU
		{17A120A4-97F7-4B16-ABD0-DCB5DECED80D}.Release|Any CPU.ActiveCfg = Release|Any CPU
		{17A120A4-97F7-4B16-ABD0-DCB5DECED80D}.Release|Any CPU.Build.0 = Release|Any CPU
		{9953B8D3-4D6C-4DD7-90CE-5906F4E2E06A}.Debug|Any CPU.ActiveCfg = Debug|Any CPU
		{9953B8D3-4D6C-4DD7-90CE-5906F4E2E06A}.Debug|Any CPU.Build.0 = Debug|Any CPU
		{9953B8D3-4D6C-4DD7-90CE-5906F4E2E06A}.Release|Any CPU.ActiveCfg = Release|Any CPU
		{9953B8D3-4D6C-4DD7-90CE-5906F4E2E06A}.Release|Any CPU.Build.0 = Release|Any CPU
		{1554BE67-14D2-42EF-9600-A15CC2069277}.Debug|Any CPU.ActiveCfg = Debug|Any CPU
		{1554BE67-14D2-42EF-9600-A15CC2069277}.Debug|Any CPU.Build.0 = Debug|Any CPU
		{1554BE67-14D2-42EF-9600-A15CC2069277}.Release|Any CPU.ActiveCfg = Release|Any CPU
		{1554BE67-14D2-42EF-9600-A15CC2069277}.Release|Any CPU.Build.0 = Release|Any CPU
		{F7E45CA8-3E7A-47B0-9BA0-D81456BB9F3E}.Debug|Any CPU.ActiveCfg = Debug|Any CPU
		{F7E45CA8-3E7A-47B0-9BA0-D81456BB9F3E}.Debug|Any CPU.Build.0 = Debug|Any CPU
		{F7E45CA8-3E7A-47B0-9BA0-D81456BB9F3E}.Release|Any CPU.ActiveCfg = Release|Any CPU
		{F7E45CA8-3E7A-47B0-9BA0-D81456BB9F3E}.Release|Any CPU.Build.0 = Release|Any CPU
		{36BF0662-2A75-4F36-88BD-51A177820756}.Debug|Any CPU.ActiveCfg = Debug|Any CPU
		{36BF0662-2A75-4F36-88BD-51A177820756}.Debug|Any CPU.Build.0 = Debug|Any CPU
		{36BF0662-2A75-4F36-88BD-51A177820756}.Release|Any CPU.ActiveCfg = Release|Any CPU
		{36BF0662-2A75-4F36-88BD-51A177820756}.Release|Any CPU.Build.0 = Release|Any CPU
	EndGlobalSection
	GlobalSection(SolutionProperties) = preSolution
		HideSolutionNode = FALSE
	EndGlobalSection
	GlobalSection(ExtensibilityGlobals) = postSolution
		SolutionGuid = {D55A5133-7673-43E8-A8A5-F4D7126CBD30}
	EndGlobalSection
EndGlobal
